
Microsoft Visual Studio Solution File, Format Version 12.00
# Visual Studio Version 17
VisualStudioVersion = 17.0.32112.339
MinimumVisualStudioVersion = 10.0.40219.1
Project("{FAE04EC0-301F-11D3-BF4B-00C04F79EFBC}") = "CleaningRobot", "CleaningRobot.csproj", "{D904EEE8-AEC1-45B5-9C24-DE462DB0CB88}"
EndProject
Project("{FAE04EC0-301F-11D3-BF4B-00C04F79EFBC}") = "CleaningRobotTests", "..\CleaningRobotTests\CleaningRobotTests.csproj", "{B23E257F-FD94-458C-B436-F9A848435162}"
EndProject
Global
	GlobalSection(SolutionConfigurationPlatforms) = preSolution
		Debug|Any CPU = Debug|Any CPU
		Release|Any CPU = Release|Any CPU
	EndGlobalSection
	GlobalSection(ProjectConfigurationPlatforms) = postSolution
		{D904EEE8-AEC1-45B5-9C24-DE462DB0CB88}.Debug|Any CPU.ActiveCfg = Debug|Any CPU
		{D904EEE8-AEC1-45B5-9C24-DE462DB0CB88}.Debug|Any CPU.Build.0 = Debug|Any CPU
		{D904EEE8-AEC1-45B5-9C24-DE462DB0CB88}.Release|Any CPU.ActiveCfg = Release|Any CPU
		{D904EEE8-AEC1-45B5-9C24-DE462DB0CB88}.Release|Any CPU.Build.0 = Release|Any CPU
		{B23E257F-FD94-458C-B436-F9A848435162}.Debug|Any CPU.ActiveCfg = Debug|Any CPU
		{B23E257F-FD94-458C-B436-F9A848435162}.Debug|Any CPU.Build.0 = Debug|Any CPU
		{B23E257F-FD94-458C-B436-F9A848435162}.Release|Any CPU.ActiveCfg = Release|Any CPU
		{B23E257F-FD94-458C-B436-F9A848435162}.Release|Any CPU.Build.0 = Release|Any CPU
	EndGlobalSection
	GlobalSection(SolutionProperties) = preSolution
		HideSolutionNode = FALSE
	EndGlobalSection
	GlobalSection(ExtensibilityGlobals) = postSolution
		SolutionGuid = {BBF623E4-07EE-4D5A-BBDC-C4656CD8BE41}
	EndGlobalSection
EndGlobal
